<?xml version="1.0" encoding="utf-8"?>
<Project ToolsVersion="4.0" xmlns="http://schemas.microsoft.com/developer/msbuild/2003">
  <ItemGroup>
    <Filter Include="Source Files">
      <UniqueIdentifier>{4FC737F1-C7A5-4376-A066-2A32D752A2FF}</UniqueIdentifier>
      <Extensions>cpp;c;cc;cxx;c++;cppm;ixx;def;odl;idl;hpj;bat;asm;asmx</Extensions>
    </Filter>
    <Filter Include="Header Files">
      <UniqueIdentifier>{93995380-89BD-4b04-88EB-625FBE52EBFB}</UniqueIdentifier>
      <Extensions>h;hh;hpp;hxx;h++;hm;inl;inc;ipp;xsd</Extensions>
    </Filter>
    <Filter Include="Resource Files">
      <UniqueIdentifier>{67DA6AB6-F800-4c08-8B7A-83BB121AAD01}</UniqueIdentifier>
      <Extensions>rc;ico;cur;bmp;dlg;rc2;rct;bin;rgs;gif;jpg;jpeg;jpe;resx;tiff;tif;png;wav;mfcribbon-ms</Extensions>
    </Filter>
  </ItemGroup>
  <ItemGroup>
    <ClCompile Include="PayFlowAPI.cpp">
      <Filter>Source Files</Filter>
    </ClCompile>
    <ClCompile Include="SetUp\Implementation\SetUp.cpp">
      <Filter>Source Files</Filter>
    </ClCompile>
    <ClCompile Include="SetUp\Implementation\Endpoints.cpp">
      <Filter>Source Files</Filter>
    </ClCompile>
    <ClCompile Include="Services\Implementation\PaymentService.cpp">
      <Filter>Source Files</Filter>
    </ClCompile>
    <ClCompile Include="Endpoints\Implementation\PaymentEndpoints.cpp">
      <Filter>Source Files</Filter>
    </ClCompile>
    <ClCompile Include="Endpoints\Implementation\UserEndpoints.cpp">
      <Filter>Source Files</Filter>
    </ClCompile>
    <ClCompile Include="Services\Implementation\UserService.cpp">
      <Filter>Source Files</Filter>
    </ClCompile>
    <ClCompile Include="Endpoints\Implementation\EarningEndpoints.cpp">
      <Filter>Source Files</Filter>
    </ClCompile>
    <ClCompile Include="Services\Implementation\EarningService.cpp">
      <Filter>Source Files</Filter>
    </ClCompile>
    <ClCompile Include="Endpoints\Implementation\BudgetEndpoints.cpp">
      <Filter>Source Files</Filter>
    </ClCompile>
    <ClCompile Include="Services\Implementation\BudgetService.cpp">
      <Filter>Source Files</Filter>
    </ClCompile>
    <ClCompile Include="Endpoints\Implementation\ExpenseEndpoints.cpp">
      <Filter>Source Files</Filter>
    </ClCompile>
    <ClCompile Include="Services\Implementation\ExpenseService.cpp">
      <Filter>Source Files</Filter>
    </ClCompile>
    <ClCompile Include="Endpoints\Implementation\GraphEndpoints.cpp">
      <Filter>Source Files</Filter>
    </ClCompile>
    <ClCompile Include="Services\Implementation\GraphService.cpp">
      <Filter>Source Files</Filter>
    </ClCompile>
  </ItemGroup>
  <ItemGroup>
    <ClInclude Include="SetUp\Headers\SetUp.h">
      <Filter>Header Files</Filter>
    </ClInclude>
    <ClInclude Include="SetUp\Headers\Endpoints.h">
      <Filter>Header Files</Filter>
    </ClInclude>
    <ClInclude Include="Services\Headers\PaymentService.h">
      <Filter>Header Files</Filter>
    </ClInclude>
    <ClInclude Include="Models\EntityModels\Payment.h">
      <Filter>Header Files</Filter>
    </ClInclude>
    <ClInclude Include="Models\ResponseModels\PaymentResponse.h">
      <Filter>Header Files</Filter>
    </ClInclude>
    <ClInclude Include="Endpoints\Headers\PaymentEndpoints.h">
      <Filter>Header Files</Filter>
    </ClInclude>
    <ClInclude Include="Models\RequestModels\PaymentRequest.h">
      <Filter>Header Files</Filter>
    </ClInclude>
    <ClInclude Include="Endpoints\Headers\UserEndpoints.h">
      <Filter>Header Files</Filter>
    </ClInclude>
    <ClInclude Include="Models\RequestModels\LogInRequest.h">
      <Filter>Header Files</Filter>
    </ClInclude>
    <ClInclude Include="Models\EntityModels\User.h">
      <Filter>Header Files</Filter>
    </ClInclude>
    <ClInclude Include="Services\Headers\UserService.h">
      <Filter>Header Files</Filter>
    </ClInclude>
    <ClInclude Include="Models\ResponseModels\LogInResponse.h">
      <Filter>Header Files</Filter>
    </ClInclude>
    <ClInclude Include="Models\RequestModels\RegisterRequest.h">
      <Filter>Header Files</Filter>
    </ClInclude>
    <ClInclude Include="Models\ResponseModels\RegisterResponse.h">
      <Filter>Header Files</Filter>
    </ClInclude>
    <ClInclude Include="Endpoints\Headers\EarningEndpoints.h">
      <Filter>Header Files</Filter>
    </ClInclude>
    <ClInclude Include="Models\EntityModels\Earning.h">
      <Filter>Header Files</Filter>
    </ClInclude>
    <ClInclude Include="Models\RequestModels\EarningRequest.h">
      <Filter>Header Files</Filter>
    </ClInclude>
    <ClInclude Include="Models\ResponseModels\EarningResponse.h">
      <Filter>Header Files</Filter>
    </ClInclude>
    <ClInclude Include="Services\Headers\EarningService.h">
      <Filter>Header Files</Filter>
    </ClInclude>
    <ClInclude Include="Endpoints\Headers\BudgetEndpoints.h">
      <Filter>Header Files</Filter>
    </ClInclude>
    <ClInclude Include="Models\EntityModels\Budget.h">
      <Filter>Header Files</Filter>
    </ClInclude>
    <ClInclude Include="Models\RequestModels\BudgetRequest.h">
      <Filter>Header Files</Filter>
    </ClInclude>
    <ClInclude Include="Models\ResponseModels\BudgetResponse.h">
      <Filter>Header Files</Filter>
    </ClInclude>
    <ClInclude Include="Services\Headers\BudgetService.h">
      <Filter>Header Files</Filter>
    </ClInclude>
    <ClInclude Include="Endpoints\Headers\ExpenseEndpoints.h">
      <Filter>Header Files</Filter>
    </ClInclude>
    <ClInclude Include="Models\EntityModels\Expense.h">
      <Filter>Header Files</Filter>
    </ClInclude>
    <ClInclude Include="Models\RequestModels\ExpenseRequest.h">
      <Filter>Header Files</Filter>
    </ClInclude>
    <ClInclude Include="Models\ResponseModels\ExpenseResponse.h">
      <Filter>Header Files</Filter>
    </ClInclude>
    <ClInclude Include="Services\Headers\ExpenseService.h">
      <Filter>Header Files</Filter>
    </ClInclude>
    <ClInclude Include="Endpoints\Headers\GraphEndpoints.h">
      <Filter>Header Files</Filter>
    </ClInclude>
    <ClInclude Include="Models\ResponseModels\BudgetGraphResponse.h">
      <Filter>Header Files</Filter>
    </ClInclude>
    <ClInclude Include="Services\Headers\GraphService.h">
      <Filter>Header Files</Filter>
    </ClInclude>
  </ItemGroup>
</Project>